
Microsoft Visual Studio Solution File, Format Version 12.00
# Visual Studio 15
VisualStudioVersion = 15.0.26430.16
MinimumVisualStudioVersion = 10.0.40219.1
Project("{9A19103F-16F7-4668-BE54-9A1E7A4F7556}") = "MathExtension.Test", "MathExtension.Test\MathExtension.Test.csproj", "{DC672472-6FB4-456D-B3F0-267B98A3BFE3}"
EndProject
Project("{9A19103F-16F7-4668-BE54-9A1E7A4F7556}") = "MathExtension", "MathExtension\MathExtension.csproj", "{B3104603-5F82-4335-8A4F-77227044A3F9}"
EndProject
Project("{2150E333-8FDC-42A3-9474-1A3956D46DE8}") = "Solution Items", "Solution Items", "{F7E26CAF-6297-4714-94A4-B6FD18214D0E}"
	ProjectSection(SolutionItems) = preProject
		README.md = README.md
	EndProjectSection
EndProject
Global
	GlobalSection(SolutionConfigurationPlatforms) = preSolution
		Debug|Any CPU = Debug|Any CPU
		Release|Any CPU = Release|Any CPU
	EndGlobalSection
	GlobalSection(ProjectConfigurationPlatforms) = postSolution
		{DC672472-6FB4-456D-B3F0-267B98A3BFE3}.Debug|Any CPU.ActiveCfg = Debug|Any CPU
		{DC672472-6FB4-456D-B3F0-267B98A3BFE3}.Debug|Any CPU.Build.0 = Debug|Any CPU
		{DC672472-6FB4-456D-B3F0-267B98A3BFE3}.Release|Any CPU.ActiveCfg = Release|Any CPU
		{DC672472-6FB4-456D-B3F0-267B98A3BFE3}.Release|Any CPU.Build.0 = Release|Any CPU
		{B3104603-5F82-4335-8A4F-77227044A3F9}.Debug|Any CPU.ActiveCfg = Debug|Any CPU
		{B3104603-5F82-4335-8A4F-77227044A3F9}.Debug|Any CPU.Build.0 = Debug|Any CPU
		{B3104603-5F82-4335-8A4F-77227044A3F9}.Release|Any CPU.ActiveCfg = Release|Any CPU
		{B3104603-5F82-4335-8A4F-77227044A3F9}.Release|Any CPU.Build.0 = Release|Any CPU
	EndGlobalSection
	GlobalSection(SolutionProperties) = preSolution
		HideSolutionNode = FALSE
	EndGlobalSection
EndGlobal
